schema: '2.0'
stages:
  data_ingestion:
    cmd: python src/data/make_dataset.py
    deps:
    - path: src/data/make_dataset.py
      hash: md5
      md5: f68e8bfa956a0daeb60520df0170c64e
      size: 4780
    params:
      params.yaml:
        make_dataset.random_state: 42
        make_dataset.test_size: 0.2
    outs:
    - path: data/raw
      hash: md5
      md5: fb326d2eec197669f9638afde28356bf.dir
      size: 827973
      nfiles: 2
  data_preprocessing:
    cmd: python src/data/data_preprocessing.py
    deps:
    - path: data/raw
      hash: md5
      md5: fb326d2eec197669f9638afde28356bf.dir
      size: 827973
      nfiles: 2
    - path: src/data/data_preprocessing.py
      hash: md5
      md5: 5b9dbee186b098dff30afd6a873e5117
      size: 5421
    outs:
    - path: data/processed
      hash: md5
      md5: ef37afd17951ea8af23114b28d26f784.dir
      size: 566210
      nfiles: 2
  feature_engineering:
    cmd: python src/features/build_features.py
    deps:
    - path: data/processed
      hash: md5
      md5: ef37afd17951ea8af23114b28d26f784.dir
      size: 566210
      nfiles: 2
    - path: src/features/build_features.py
      hash: md5
      md5: 7fbd8af8e7fd1f8abc51663ca5914ce4
      size: 3485
    params:
      params.yaml:
        build_features.max_features: 1000
    outs:
    - path: data/features
      hash: md5
      md5: 4f835a92bf18f6155af5b604c85a8e79.dir
      size: 20786916
      nfiles: 2
  model_building:
    cmd: python src/models/train_model.py
    deps:
    - path: data/features
      hash: md5
      md5: 4f835a92bf18f6155af5b604c85a8e79.dir
      size: 20786916
      nfiles: 2
    - path: src/models/train_model.py
      hash: md5
      md5: d3e38f079be2d29432a69a0071fa0864
      size: 1601
    params:
      params.yaml:
        train_model.learning_rate: 0.1
        train_model.n_estimators: 1000
    outs:
    - path: model.pkl
      hash: md5
      md5: 9e0fff2e1e455cf355b716e096bd58d0
      size: 1209666
  model_evaluation:
    cmd: python src/models/predict_model.py
    deps:
    - path: data/features
      hash: md5
      md5: 4f835a92bf18f6155af5b604c85a8e79.dir
      size: 20786916
      nfiles: 2
    - path: src/models/predict_model.py
      hash: md5
      md5: 959c0b00b6741e776a3ea8dd6fcd5910
      size: 2070
    outs:
    - path: metrics.json
      hash: md5
      md5: ca68f493dd6ba6a623f3b4bc0588b124
      size: 144
