schema: '2.0'
stages:
  data_ingestion:
    cmd: python src/data/make_dataset.py
    deps:
    - path: src/data/make_dataset.py
      hash: md5
      md5: d50025aa245ec40c532c9c173df133b2
      size: 1059
    params:
      params.yaml:
        make_dataset.random_state: 42
        make_dataset.test_size: 0.2
    outs:
    - path: data/raw
      hash: md5
      md5: b558868568c58d07b21917adba43f4c6.dir
      size: 887224
      nfiles: 2
  data_preprocessing:
    cmd: python src/data/data_preprocessing.py
    deps:
    - path: data/raw
      hash: md5
      md5: b558868568c58d07b21917adba43f4c6.dir
      size: 887224
      nfiles: 2
    - path: src/data/data_preprocessing.py
      hash: md5
      md5: 2f6fbc1ca3edf10e7d4b947e86f2e66e
      size: 2449
    outs:
    - path: data/processed
      hash: md5
      md5: b05f56f2e4437e01123455f3e0edc27e.dir
      size: 675133
      nfiles: 2
  feature_engineering:
    cmd: python src/features/build_features.py
    deps:
    - path: data/processed
      hash: md5
      md5: b05f56f2e4437e01123455f3e0edc27e.dir
      size: 675133
      nfiles: 2
    - path: src/features/build_features.py
      hash: md5
      md5: 24f7ad7b0726e3b792f1399e6c498a81
      size: 1459
    params:
      params.yaml:
        build_features.max_features: 1000
    outs:
    - path: data/features
      hash: md5
      md5: 56e6912217981354de53f55ab98061ed.dir
      size: 20836568
      nfiles: 2
  model_building:
    cmd: python src/models/train_model.py
    deps:
    - path: data/features
      hash: md5
      md5: 56e6912217981354de53f55ab98061ed.dir
      size: 20836568
      nfiles: 2
    - path: src/models/train_model.py
      hash: md5
      md5: dfd1d50f09d5764597e758c1d7b2a371
      size: 600
    params:
      params.yaml:
        train_model.learning_rate: 0.1
        train_model.n_estimators: 1000
    outs:
    - path: model.pkl
      hash: md5
      md5: 1c4234a664190df298a97d20e1597a0a
      size: 1210963
  model_evaluation:
    cmd: python src/models/predict_model.py
    deps:
    - path: data/features
      hash: md5
      md5: 56e6912217981354de53f55ab98061ed.dir
      size: 20836568
      nfiles: 2
    - path: src/models/predict_model.py
      hash: md5
      md5: d0294dcc29832c43fb59d8cb5d4108a8
      size: 938
    outs:
    - path: metrics.json
      hash: md5
      md5: 5c932d8d937da50ac735c7f39451a164
      size: 144
